
Microsoft Visual Studio Solution File, Format Version 12.00
# Visual Studio Version 17
VisualStudioVersion = 17.6.33829.357
MinimumVisualStudioVersion = 10.0.40219.1
Project("{FAE04EC0-301F-11D3-BF4B-00C04F79EFBC}") = "GeoPedidos.Entity", "GeoPedidos.Entity\GeoPedidos.Entity.csproj", "{0AB7A020-1F8D-4D24-9BA0-15B5D9DE8311}"
EndProject
Project("{FAE04EC0-301F-11D3-BF4B-00C04F79EFBC}") = "GeoPedidos.IOC", "GeoPedidos.IOC\GeoPedidos.IOC.csproj", "{95FAFE20-1BF9-4526-B72B-CC73A1E39BBB}"
EndProject
Project("{FAE04EC0-301F-11D3-BF4B-00C04F79EFBC}") = "GeoPedidos.DAL", "GeoPedidos.DAL\GeoPedidos.DAL.csproj", "{222BA937-54B4-41F9-A4FF-E74EA0500BAE}"
EndProject
Project("{FAE04EC0-301F-11D3-BF4B-00C04F79EFBC}") = "GeoPedidos.BLL", "GeoPedidos.BLL\GeoPedidos.BLL.csproj", "{76AFD7C8-8CE8-40D5-BC82-58E6DD3AC0F0}"
EndProject
Project("{FAE04EC0-301F-11D3-BF4B-00C04F79EFBC}") = "GeoPedidos.AplicacionWeb", "GeoPedidos.AplicacionWeb\GeoPedidos.AplicacionWeb.csproj", "{D2E3A391-C07C-405F-9F5C-C2995DE1A158}"
EndProject
Global
	GlobalSection(SolutionConfigurationPlatforms) = preSolution
		Debug|Any CPU = Debug|Any CPU
		Release|Any CPU = Release|Any CPU
	EndGlobalSection
	GlobalSection(ProjectConfigurationPlatforms) = postSolution
		{0AB7A020-1F8D-4D24-9BA0-15B5D9DE8311}.Debug|Any CPU.ActiveCfg = Debug|Any CPU
		{0AB7A020-1F8D-4D24-9BA0-15B5D9DE8311}.Debug|Any CPU.Build.0 = Debug|Any CPU
		{0AB7A020-1F8D-4D24-9BA0-15B5D9DE8311}.Release|Any CPU.ActiveCfg = Release|Any CPU
		{0AB7A020-1F8D-4D24-9BA0-15B5D9DE8311}.Release|Any CPU.Build.0 = Release|Any CPU
		{95FAFE20-1BF9-4526-B72B-CC73A1E39BBB}.Debug|Any CPU.ActiveCfg = Debug|Any CPU
		{95FAFE20-1BF9-4526-B72B-CC73A1E39BBB}.Debug|Any CPU.Build.0 = Debug|Any CPU
		{95FAFE20-1BF9-4526-B72B-CC73A1E39BBB}.Release|Any CPU.ActiveCfg = Release|Any CPU
		{95FAFE20-1BF9-4526-B72B-CC73A1E39BBB}.Release|Any CPU.Build.0 = Release|Any CPU
		{222BA937-54B4-41F9-A4FF-E74EA0500BAE}.Debug|Any CPU.ActiveCfg = Debug|Any CPU
		{222BA937-54B4-41F9-A4FF-E74EA0500BAE}.Debug|Any CPU.Build.0 = Debug|Any CPU
		{222BA937-54B4-41F9-A4FF-E74EA0500BAE}.Release|Any CPU.ActiveCfg = Release|Any CPU
		{222BA937-54B4-41F9-A4FF-E74EA0500BAE}.Release|Any CPU.Build.0 = Release|Any CPU
		{76AFD7C8-8CE8-40D5-BC82-58E6DD3AC0F0}.Debug|Any CPU.ActiveCfg = Debug|Any CPU
		{76AFD7C8-8CE8-40D5-BC82-58E6DD3AC0F0}.Debug|Any CPU.Build.0 = Debug|Any CPU
		{76AFD7C8-8CE8-40D5-BC82-58E6DD3AC0F0}.Release|Any CPU.ActiveCfg = Release|Any CPU
		{76AFD7C8-8CE8-40D5-BC82-58E6DD3AC0F0}.Release|Any CPU.Build.0 = Release|Any CPU
		{D2E3A391-C07C-405F-9F5C-C2995DE1A158}.Debug|Any CPU.ActiveCfg = Debug|Any CPU
		{D2E3A391-C07C-405F-9F5C-C2995DE1A158}.Debug|Any CPU.Build.0 = Debug|Any CPU
		{D2E3A391-C07C-405F-9F5C-C2995DE1A158}.Release|Any CPU.ActiveCfg = Release|Any CPU
		{D2E3A391-C07C-405F-9F5C-C2995DE1A158}.Release|Any CPU.Build.0 = Release|Any CPU
	EndGlobalSection
	GlobalSection(SolutionProperties) = preSolution
		HideSolutionNode = FALSE
	EndGlobalSection
	GlobalSection(ExtensibilityGlobals) = postSolution
		SolutionGuid = {ED2E3304-802D-49CE-811F-E902138E3F13}
	EndGlobalSection
EndGlobal
